// !$*UTF8*$!
{
	archiveVersion = 1;
	classes = {
	};
	objectVersion = 50;
	objects = {

/* Begin PBXBuildFile section */
		520EDA0220FE51F2007B4E58 /* AppDelegate.swift in Sources */ = {isa = PBXBuildFile; fileRef = 520EDA0120FE51F2007B4E58 /* AppDelegate.swift */; };
		520EDA0420FE51F2007B4E58 /* ViewController.swift in Sources */ = {isa = PBXBuildFile; fileRef = 520EDA0320FE51F2007B4E58 /* ViewController.swift */; };
		520EDA0720FE51F2007B4E58 /* Main.storyboard in Resources */ = {isa = PBXBuildFile; fileRef = 520EDA0520FE51F2007B4E58 /* Main.storyboard */; };
		520EDA0920FE51F4007B4E58 /* Assets.xcassets in Resources */ = {isa = PBXBuildFile; fileRef = 520EDA0820FE51F4007B4E58 /* Assets.xcassets */; };
		520EDA0C20FE51F4007B4E58 /* LaunchScreen.storyboard in Resources */ = {isa = PBXBuildFile; fileRef = 520EDA0A20FE51F4007B4E58 /* LaunchScreen.storyboard */; };
		520EDA1420FE5296007B4E58 /* login.storyboard in Resources */ = {isa = PBXBuildFile; fileRef = 520EDA1320FE5296007B4E58 /* login.storyboard */; };
/* End PBXBuildFile section */

/* Begin PBXFileReference section */
		520ED9FE20FE51F2007B4E58 /* decider1.app */ = {isa = PBXFileReference; explicitFileType = wrapper.application; includeInIndex = 0; path = decider1.app; sourceTree = BUILT_PRODUCTS_DIR; };
		520EDA0120FE51F2007B4E58 /* AppDelegate.swift */ = {isa = PBXFileReference; lastKnownFileType = sourcecode.swift; path = AppDelegate.swift; sourceTree = "<group>"; };
		520EDA0320FE51F2007B4E58 /* ViewController.swift */ = {isa = PBXFileReference; lastKnownFileType = sourcecode.swift; path = ViewController.swift; sourceTree = "<group>"; };
		520EDA0620FE51F2007B4E58 /* Base */ = {isa = PBXFileReference; lastKnownFileType = file.storyboard; name = Base; path = Base.lproj/Main.storyboard; sourceTree = "<group>"; };
		520EDA0820FE51F4007B4E58 /* Assets.xcassets */ = {isa = PBXFileReference; lastKnownFileType = folder.assetcatalog; path = Assets.xcassets; sourceTree = "<group>"; };
		520EDA0B20FE51F4007B4E58 /* Base */ = {isa = PBXFileReference; lastKnownFileType = file.storyboard; name = Base; path = Base.lproj/LaunchScreen.storyboard; sourceTree = "<group>"; };
		520EDA0D20FE51F5007B4E58 /* Info.plist */ = {isa = PBXFileReference; lastKnownFileType = text.plist.xml; path = Info.plist; sourceTree = "<group>"; };
		520EDA1320FE5296007B4E58 /* login.storyboard */ = {isa = PBXFileReference; lastKnownFileType = file.storyboard; path = login.storyboard; sourceTree = "<group>"; };
/* End PBXFileReference section */

/* Begin PBXFrameworksBuildPhase section */
		520ED9FB20FE51F2007B4E58 /* Frameworks */ = {
			isa = PBXFrameworksBuildPhase;
			buildActionMask = 2147483647;
			files = (
			);
			runOnlyForDeploymentPostprocessing = 0;
		};
/* End PBXFrameworksBuildPhase section */

/* Begin PBXGroup section */
		520ED9F520FE51F2007B4E58 = {
			isa = PBXGroup;
			children = (
				520EDA0020FE51F2007B4E58 /* decider1 */,
				520ED9FF20FE51F2007B4E58 /* Products */,
			);
			sourceTree = "<group>";
		};
		520ED9FF20FE51F2007B4E58 /* Products */ = {
			isa = PBXGroup;
			children = (
				520ED9FE20FE51F2007B4E58 /* decider1.app */,
			);
			name = Products;
			sourceTree = "<group>";
		};
		520EDA0020FE51F2007B4E58 /* decider1 */ = {
			isa = PBXGroup;
			children = (
				520EDA0120FE51F2007B4E58 /* AppDelegate.swift */,
				520EDA0320FE51F2007B4E58 /* ViewController.swift */,
				520EDA0520FE51F2007B4E58 /* Main.storyboard */,
				520EDA1320FE5296007B4E58 /* login.storyboard */,
				520EDA0820FE51F4007B4E58 /* Assets.xcassets */,
				520EDA0A20FE51F4007B4E58 /* LaunchScreen.storyboard */,
				520EDA0D20FE51F5007B4E58 /* Info.plist */,
			);
			path = decider1;
			sourceTree = "<group>";
		};
/* End PBXGroup section */

/* Begin PBXNativeTarget section */
		520ED9FD20FE51F2007B4E58 /* decider1 */ = {
			isa = PBXNativeTarget;
			buildConfigurationList = 520EDA1020FE51F5007B4E58 /* Build configuration list for PBXNativeTarget "decider1" */;
			buildPhases = (
				520ED9FA20FE51F2007B4E58 /* Sources */,
				520ED9FB20FE51F2007B4E58 /* Frameworks */,
				520ED9FC20FE51F2007B4E58 /* Resources */,
			);
			buildRules = (
			);
			dependencies = (
			);
			name = decider1;
			productName = decider1;
			productReference = 520ED9FE20FE51F2007B4E58 /* decider1.app */;
			productType = "com.apple.product-type.application";
		};
/* End PBXNativeTarget section */

/* Begin PBXProject section */
		520ED9F620FE51F2007B4E58 /* Project object */ = {
			isa = PBXProject;
			attributes = {
				LastSwiftUpdateCheck = 0940;
				LastUpgradeCheck = 0940;
				ORGANIZATIONNAME = None;
				TargetAttributes = {
					520ED9FD20FE51F2007B4E58 = {
						CreatedOnToolsVersion = 9.4.1;
					};
				};
			};
			buildConfigurationList = 520ED9F920FE51F2007B4E58 /* Build configuration list for PBXProject "decider1" */;
			compatibilityVersion = "Xcode 9.3";
			developmentRegion = en;
			hasScannedForEncodings = 0;
			knownRegions = (
				en,
				Base,
			);
			mainGroup = 520ED9F520FE51F2007B4E58;
			productRefGroup = 520ED9FF20FE51F2007B4E58 /* Products */;
			projectDirPath = "";
			projectRoot = "";
			targets = (
				520ED9FD20FE51F2007B4E58 /* decider1 */,
			);
		};
/* End PBXProject section */

/* Begin PBXResourcesBuildPhase section */
		520ED9FC20FE51F2007B4E58 /* Resources */ = {
			isa = PBXResourcesBuildPhase;
			buildActionMask = 2147483647;
			files = (
				520EDA1420FE5296007B4E58 /* login.storyboard in Resources */,
				520EDA0C20FE51F4007B4E58 /* LaunchScreen.storyboard in Resources */,
				520EDA0920FE51F4007B4E58 /* Assets.xcassets in Resources */,
				520EDA0720FE51F2007B4E58 /* Main.storyboard in Resources */,
			);
			runOnlyForDeploymentPostprocessing = 0;
		};
/* End PBXResourcesBuildPhase section */

/* Begin PBXSourcesBuildPhase section */
		520ED9FA20FE51F2007B4E58 /* Sources */ = {
			isa = PBXSourcesBuildPhase;
			buildActionMask = 2147483647;
			files = (
				520EDA0420FE51F2007B4E58 /* ViewController.swift in Sources */,
				520EDA0220FE51F2007B4E58 /* AppDelegate.swift in Sources */,
			);
			runOnlyForDeploymentPostprocessing = 0;
		};
/* End PBXSourcesBuildPhase section */

/* Begin PBXVariantGroup section */
		520EDA0520FE51F2007B4E58 /* Main.storyboard */ = {
			isa = PBXVariantGroup;
			children = (
				520EDA0620FE51F2007B4E58 /* Base */,
			);
			name = Main.storyboard;
			sourceTree = "<group>";
		};
		520EDA0A20FE51F4007B4E58 /* LaunchScreen.storyboard */ = {
			isa = PBXVariantGroup;
			children = (
				520EDA0B20FE51F4007B4E58 /* Base */,
			);
			name = LaunchScreen.storyboard;
			sourceTree = "<group>";
		};
/* End PBXVariantGroup section */

/* Begin XCBuildConfiguration section */
		520EDA0E20FE51F5007B4E58 /* Debug */ = {
			isa = XCBuildConfiguration;
			buildSettings = {
				ALWAYS_SEARCH_USER_PATHS = NO;
				CLANG_ANALYZER_NONNULL = YES;
				CLANG_ANALYZER_NUMBER_OBJECT_CONVERSION = YES_AGGRESSIVE;
				CLANG_CXX_LANGUAGE_STANDARD = "gnu++14";
				CLANG_CXX_LIBRARY = "libc++";
				CLANG_ENABLE_MODULES = YES;
				CLANG_ENABLE_OBJC_ARC = YES;
				CLANG_ENABLE_OBJC_WEAK = YES;
				CLANG_WARN_BLOCK_CAPTURE_AUTORELEASING = YES;
				CLANG_WARN_BOOL_CONVERSION = YES;
				CLANG_WARN_COMMA = YES;
				CLANG_WARN_CONSTANT_CONVERSION = YES;
				CLANG_WARN_DEPRECATED_OBJC_IMPLEMENTATIONS = YES;
				CLANG_WARN_DIRECT_OBJC_ISA_USAGE = YES_ERROR;
				CLANG_WARN_DOCUMENTATION_COMMENTS = YES;
				CLANG_WARN_EMPTY_BODY = YES;
				CLANG_WARN_ENUM_CONVERSION = YES;
				CLANG_WARN_INFINITE_RECURSION = YES;
				CLANG_WARN_INT_CONVERSION = YES;
				CLANG_WARN_NON_LITERAL_NULL_CONVERSION = YES;
				CLANG_WARN_OBJC_IMPLICIT_RETAIN_SELF = YES;
				CLANG_WARN_OBJC_LITERAL_CONVERSION = YES;
				CLANG_WARN_OBJC_ROOT_CLASS = YES_ERROR;
				CLANG_WARN_RANGE_LOOP_ANALYSIS = YES;
				CLANG_WARN_STRICT_PROTOTYPES = YES;
				CLANG_WARN_SUSPICIOUS_MOVE = YES;
				CLANG_WARN_UNGUARDED_AVAILABILITY = YES_AGGRESSIVE;
				CLANG_WARN_UNREACHABLE_CODE = YES;
				CLANG_WARN__DUPLICATE_METHOD_MATCH = YES;
				CODE_SIGN_IDENTITY = "iPhone Developer";
				COPY_PHASE_STRIP = NO;
				DEBUG_INFORMATION_FORMAT = dwarf;
				ENABLE_STRICT_OBJC_MSGSEND = YES;
				ENABLE_TESTABILITY = YES;
				GCC_C_LANGUAGE_STANDARD = gnu11;
				GCC_DYNAMIC_NO_PIC = NO;
				GCC_NO_COMMON_BLOCKS = YES;
				GCC_OPTIMIZATION_LEVEL = 0;
				GCC_PREPROCESSOR_DEFINITIONS = (
					"DEBUG=1",
					"$(inherited)",
				);
				GCC_WARN_64_TO_32_BIT_CONVERSION = YES;
				GCC_WARN_ABOUT_RETURN_TYPE = YES_ERROR;
				GCC_WARN_UNDECLARED_SELECTOR = YES;
				GCC_WARN_UNINITIALIZED_AUTOS = YES_AGGRESSIVE;
				GCC_WARN_UNUSED_FUNCTION = YES;
				GCC_WARN_UNUSED_VARIABLE = YES;
				IPHONEOS_DEPLOYMENT_TARGET = 11.4;
				MTL_ENABLE_DEBUG_INFO = YES;
				ONLY_ACTIVE_ARCH = YES;
				SDKROOT = iphoneos;
				SWIFT_ACTIVE_COMPILATION_CONDITIONS = DEBUG;
				SWIFT_OPTIMIZATION_LEVEL = "-Onone";
			};
			name = Debug;
		};
		520EDA0F20FE51F5007B4E58 /* Release */ = {
			isa = XCBuildConfiguration;
			buildSettings = {
				ALWAYS_SEARCH_USER_PATHS = NO;
				CLANG_ANALYZER_NONNULL = YES;
				CLANG_ANALYZER_NUMBER_OBJECT_CONVERSION = YES_AGGRESSIVE;
				CLANG_CXX_LANGUAGE_STANDARD = "gnu++14";
				CLANG_CXX_LIBRARY = "libc++";
				CLANG_ENABLE_MODULES = YES;
				CLANG_ENABLE_OBJC_ARC = YES;
				CLANG_ENABLE_OBJC_WEAK = YES;
				CLANG_WARN_BLOCK_CAPTURE_AUTORELEASING = YES;
				CLANG_WARN_BOOL_CONVERSION = YES;
				CLANG_WARN_COMMA = YES;
				CLANG_WARN_CONSTANT_CONVERSION = YES;
				CLANG_WARN_DEPRECATED_OBJC_IMPLEMENTATIONS = YES;
				CLANG_WARN_DIRECT_OBJC_ISA_USAGE = YES_ERROR;
				CLANG_WARN_DOCUMENTATION_COMMENTS = YES;
				CLANG_WARN_EMPTY_BODY = YES;
				CLANG_WARN_ENUM_CONVERSION = YES;
				CLANG_WARN_INFINITE_RECURSION = YES;
				CLANG_WARN_INT_CONVERSION = YES;
				CLANG_WARN_NON_LITERAL_NULL_CONVERSION = YES;
				CLANG_WARN_OBJC_IMPLICIT_RETAIN_SELF = YES;
				CLANG_WARN_OBJC_LITERAL_CONVERSION = YES;
				CLANG_WARN_OBJC_ROOT_CLASS = YES_ERROR;
				CLANG_WARN_RANGE_LOOP_ANALYSIS = YES;
				CLANG_WARN_STRICT_PROTOTYPES = YES;
				CLANG_WARN_SUSPICIOUS_MOVE = YES;
				CLANG_WARN_UNGUARDED_AVAILABILITY = YES_AGGRESSIVE;
				CLANG_WARN_UNREACHABLE_CODE = YES;
				CLANG_WARN__DUPLICATE_METHOD_MATCH = YES;
				CODE_SIGN_IDENTITY = "iPhone Developer";
				COPY_PHASE_STRIP = NO;
				DEBUG_INFORMATION_FORMAT = "dwarf-with-dsym";
				ENABLE_NS_ASSERTIONS = NO;
				ENABLE_STRICT_OBJC_MSGSEND = YES;
				GCC_C_LANGUAGE_STANDARD = gnu11;
				GCC_NO_COMMON_BLOCKS = YES;
				GCC_WARN_64_TO_32_BIT_CONVERSION = YES;
				GCC_WARN_ABOUT_RETURN_TYPE = YES_ERROR;
				GCC_WARN_UNDECLARED_SELECTOR = YES;
				GCC_WARN_UNINITIALIZED_AUTOS = YES_AGGRESSIVE;
				GCC_WARN_UNUSED_FUNCTION = YES;
				GCC_WARN_UNUSED_VARIABLE = YES;
				IPHONEOS_DEPLOYMENT_TARGET = 11.4;
				MTL_ENABLE_DEBUG_INFO = NO;
				SDKROOT = iphoneos;
				SWIFT_COMPILATION_MODE = wholemodule;
				SWIFT_OPTIMIZATION_LEVEL = "-O";
				VALIDATE_PRODUCT = YES;
			};
			name = Release;
		};
		520EDA1120FE51F5007B4E58 /* Debug */ = {
			isa = XCBuildConfiguration;
			buildSettings = {
				ASSETCATALOG_COMPILER_APPICON_NAME = AppIcon;
				CODE_SIGN_STYLE = Automatic;
				INFOPLIST_FILE = decider1/Info.plist;
				LD_RUNPATH_SEARCH_PATHS = (
					"$(inherited)",
					"@executable_path/Frameworks",
				);
				PRODUCT_BUNDLE_IDENTIFIER = com.decider1;
				PRODUCT_NAME = "$(TARGET_NAME)";
				SWIFT_VERSION = 4.0;
				TARGETED_DEVICE_FAMILY = "1,2";
			};
			name = Debug;
		};
		520EDA1220FE51F5007B4E58 /* Release */ = {
			isa = XCBuildConfiguration;
			buildSettings = {
				ASSETCATALOG_COMPILER_APPICON_NAME = AppIcon;
				CODE_SIGN_STYLE = Automatic;
				INFOPLIST_FILE = decider1/Info.plist;
				LD_RUNPATH_SEARCH_PATHS = (
					"$(inherited)",
					"@executable_path/Frameworks",
				);
				PRODUCT_BUNDLE_IDENTIFIER = com.decider1;
				PRODUCT_NAME = "$(TARGET_NAME)";
				SWIFT_VERSION = 4.0;
				TARGETED_DEVICE_FAMILY = "1,2";
			};
			name = Release;
		};
/* End XCBuildConfiguration section */

/* Begin XCConfigurationList section */
		520ED9F920FE51F2007B4E58 /* Build configuration list for PBXProject "decider1" */ = {
			isa = XCConfigurationList;
			buildConfigurations = (
				520EDA0E20FE51F5007B4E58 /* Debug */,
				520EDA0F20FE51F5007B4E58 /* Release */,
			);
			defaultConfigurationIsVisible = 0;
			defaultConfigurationName = Release;
		};
		520EDA1020FE51F5007B4E58 /* Build configuration list for PBXNativeTarget "decider1" */ = {
			isa = XCConfigurationList;
			buildConfigurations = (
				520EDA1120FE51F5007B4E58 /* Debug */,
				520EDA1220FE51F5007B4E58 /* Release */,
			);
			defaultConfigurationIsVisible = 0;
			defaultConfigurationName = Release;
		};
/* End XCConfigurationList section */
	};
	rootObject = 520ED9F620FE51F2007B4E58 /* Project object */;
}
